
Microsoft Visual Studio Solution File, Format Version 12.00
# Visual Studio Version 17
VisualStudioVersion = 17.6.33620.401
MinimumVisualStudioVersion = 10.0.40219.1
Project("{FAE04EC0-301F-11D3-BF4B-00C04F79EFBC}") = "ProyectoAsistencia", "ProyectoAsistencia\ProyectoAsistencia.csproj", "{05708721-C4BC-4319-9A88-FE8DA0D9B43A}"
EndProject
Global
	GlobalSection(SolutionConfigurationPlatforms) = preSolution
		Debug|Any CPU = Debug|Any CPU
		Release|Any CPU = Release|Any CPU
	EndGlobalSection
	GlobalSection(ProjectConfigurationPlatforms) = postSolution
		{05708721-C4BC-4319-9A88-FE8DA0D9B43A}.Debug|Any CPU.ActiveCfg = Debug|Any CPU
		{05708721-C4BC-4319-9A88-FE8DA0D9B43A}.Debug|Any CPU.Build.0 = Debug|Any CPU
		{05708721-C4BC-4319-9A88-FE8DA0D9B43A}.Release|Any CPU.ActiveCfg = Release|Any CPU
		{05708721-C4BC-4319-9A88-FE8DA0D9B43A}.Release|Any CPU.Build.0 = Release|Any CPU
	EndGlobalSection
	GlobalSection(SolutionProperties) = preSolution
		HideSolutionNode = FALSE
	EndGlobalSection
	GlobalSection(ExtensibilityGlobals) = postSolution
		SolutionGuid = {5B63F972-E851-46BE-8AB4-0DACC0749506}
	EndGlobalSection
EndGlobal
